<?xml version="1.0" encoding="utf-8"?>
<Project ToolsVersion="4.0" xmlns="http://schemas.microsoft.com/developer/msbuild/2003">
  <ItemGroup>
    <Filter Include="Source Files">
      <UniqueIdentifier>{4FC737F1-C7A5-4376-A066-2A32D752A2FF}</UniqueIdentifier>
      <Extensions>cpp;c;cc;cxx;def;odl;idl;hpj;bat;asm;asmx</Extensions>
    </Filter>
    <Filter Include="Header Files">
      <UniqueIdentifier>{93995380-89BD-4b04-88EB-625FBE52EBFB}</UniqueIdentifier>
      <Extensions>h;hh;hpp;hxx;hm;inl;inc;xsd</Extensions>
    </Filter>
    <Filter Include="Resource Files">
      <UniqueIdentifier>{67DA6AB6-F800-4c08-8B7A-83BB121AAD01}</UniqueIdentifier>
      <Extensions>rc;ico;cur;bmp;dlg;rc2;rct;bin;rgs;gif;jpg;jpeg;jpe;resx;tiff;tif;png;wav;mfcribbon-ms</Extensions>
    </Filter>
    <Filter Include="Shader">
      <UniqueIdentifier>{82a5aa02-21c9-4902-9df6-bdbc1866c5a6}</UniqueIdentifier>
    </Filter>
    <Filter Include="Shader\BRDF">
      <UniqueIdentifier>{937f392c-c72f-41ad-85fc-7d8c5c690291}</UniqueIdentifier>
    </Filter>
    <Filter Include="Shader\RenderTexture">
      <UniqueIdentifier>{1d4e8028-ce87-4455-927e-dca7b003f195}</UniqueIdentifier>
    </Filter>
    <Filter Include="Resource Files\Objs">
      <UniqueIdentifier>{e56ac1a5-735d-4085-bf64-aa6267387804}</UniqueIdentifier>
    </Filter>
    <Filter Include="Shader\Defershading">
      <UniqueIdentifier>{b562325d-cb14-4ed3-a544-685df8d0a2b8}</UniqueIdentifier>
    </Filter>
    <Filter Include="Shader\ShadowMap">
      <UniqueIdentifier>{80d97728-1eca-49a2-8592-adf619263c35}</UniqueIdentifier>
    </Filter>
    <Filter Include="Shader\ExpShadowMap">
      <UniqueIdentifier>{a12b40c7-c703-4179-af74-023e7fdd0ed2}</UniqueIdentifier>
    </Filter>
  </ItemGroup>
  <ItemGroup>
    <Text Include="ReadMe.txt" />
  </ItemGroup>
  <ItemGroup>
    <ClInclude Include="ShaderProgram.hpp">
      <Filter>Header Files</Filter>
    </ClInclude>
    <ClInclude Include="Mesh.hpp">
      <Filter>Header Files</Filter>
    </ClInclude>
    <ClInclude Include="Engine.hpp">
      <Filter>Header Files</Filter>
    </ClInclude>
    <ClInclude Include="Scene.hpp">
      <Filter>Header Files</Filter>
    </ClInclude>
    <ClInclude Include="Path.h">
      <Filter>Header Files</Filter>
    </ClInclude>
    <ClInclude Include="model_ply.h">
      <Filter>Header Files</Filter>
    </ClInclude>
    <ClInclude Include="Texture.hpp">
      <Filter>Source Files</Filter>
    </ClInclude>
    <ClInclude Include="gl.h">
      <Filter>Source Files</Filter>
    </ClInclude>
    <ClInclude Include="FBO.hpp">
      <Filter>Source Files</Filter>
    </ClInclude>
    <ClInclude Include="Pass.hpp">
      <Filter>Header Files</Filter>
    </ClInclude>
  </ItemGroup>
  <ItemGroup>
    <ClCompile Include="ShaderProgram.cpp">
      <Filter>Source Files</Filter>
    </ClCompile>
    <ClCompile Include="Mesh.cpp">
      <Filter>Source Files</Filter>
    </ClCompile>
    <ClCompile Include="Engine.cpp">
      <Filter>Source Files</Filter>
    </ClCompile>
    <ClCompile Include="Scene.cpp">
      <Filter>Source Files</Filter>
    </ClCompile>
    <ClCompile Include="Texture.cpp">
      <Filter>Source Files</Filter>
    </ClCompile>
    <ClCompile Include="Pass.cpp">
      <Filter>Source Files</Filter>
    </ClCompile>
    <ClCompile Include="FBO.cpp">
      <Filter>Source Files</Filter>
    </ClCompile>
    <ClCompile Include="main_basiclighting.cpp">
      <Filter>Source Files</Filter>
    </ClCompile>
    <ClCompile Include="main_deferredShading.cpp">
      <Filter>Source Files</Filter>
    </ClCompile>
    <ClCompile Include="main_ExpShadowMap.cpp">
      <Filter>Source Files</Filter>
    </ClCompile>
  </ItemGroup>
  <ItemGroup>
    <None Include="Shader\basic.frag">
      <Filter>Shader\BRDF</Filter>
    </None>
    <None Include="Shader\basic.vert">
      <Filter>Shader\BRDF</Filter>
    </None>
    <None Include="Shader\displayTexture.frag">
      <Filter>Shader\RenderTexture</Filter>
    </None>
    <None Include="Shader\displayTexture.vert">
      <Filter>Shader\RenderTexture</Filter>
    </None>
    <None Include="Model\bunny.ply">
      <Filter>Resource Files\Objs</Filter>
    </None>
    <None Include="Model\dragon.ply">
      <Filter>Resource Files\Objs</Filter>
    </None>
    <None Include="Model\bunny_export.ply">
      <Filter>Resource Files\Objs</Filter>
    </None>
    <None Include="Model\cube1.ply">
      <Filter>Resource Files\Objs</Filter>
    </None>
    <None Include="Model\cube2.ply">
      <Filter>Resource Files\Objs</Filter>
    </None>
    <None Include="Shader\defergbuffer.frag">
      <Filter>Shader\Defershading</Filter>
    </None>
    <None Include="Shader\defergbuffer.vert">
      <Filter>Shader\Defershading</Filter>
    </None>
    <None Include="Shader\deferAmbientLight.frag">
      <Filter>Shader\Defershading</Filter>
    </None>
    <None Include="Shader\deferAmbientLight.vert">
      <Filter>Shader\Defershading</Filter>
    </None>
    <None Include="Shader\shadow.frag">
      <Filter>Shader\ShadowMap</Filter>
    </None>
    <None Include="Shader\shadow.vert">
      <Filter>Shader\ShadowMap</Filter>
    </None>
    <None Include="Shader\shadowRender.frag">
      <Filter>Shader\ShadowMap</Filter>
    </None>
    <None Include="Shader\shadowRender.vert">
      <Filter>Shader\ShadowMap</Filter>
    </None>
    <None Include="Shader\deferredBRDF.frag">
      <Filter>Shader\Defershading</Filter>
    </None>
    <None Include="Shader\deferredBRDF.vert">
      <Filter>Shader\Defershading</Filter>
    </None>
    <None Include="Shader\expShadow.frag">
      <Filter>Shader\ExpShadowMap</Filter>
    </None>
    <None Include="Shader\expShadowRender.vert">
      <Filter>Shader\ExpShadowMap</Filter>
    </None>
    <None Include="Shader\expShadow.vert">
      <Filter>Shader\ExpShadowMap</Filter>
    </None>
    <None Include="Shader\expShadowRender.frag">
      <Filter>Shader\ExpShadowMap</Filter>
    </None>
    <None Include="Shader\gaussianBlur.comp">
      <Filter>Shader\ExpShadowMap</Filter>
    </None>
  </ItemGroup>
</Project>