<?xml version="1.0" encoding="utf-8"?>
<Project ToolsVersion="4.0" xmlns="http://schemas.microsoft.com/developer/msbuild/2003">
  <ItemGroup>
    <Filter Include="Source Files">
      <UniqueIdentifier>{4FC737F1-C7A5-4376-A066-2A32D752A2FF}</UniqueIdentifier>
      <Extensions>cpp;c;cc;cxx;def;odl;idl;hpj;bat;asm;asmx</Extensions>
    </Filter>
    <Filter Include="Header Files">
      <UniqueIdentifier>{93995380-89BD-4b04-88EB-625FBE52EBFB}</UniqueIdentifier>
      <Extensions>h;hh;hpp;hxx;hm;inl;inc;xsd</Extensions>
    </Filter>
    <Filter Include="Resource Files">
      <UniqueIdentifier>{67DA6AB6-F800-4c08-8B7A-83BB121AAD01}</UniqueIdentifier>
      <Extensions>rc;ico;cur;bmp;dlg;rc2;rct;bin;rgs;gif;jpg;jpeg;jpe;resx;tiff;tif;png;wav;mfcribbon-ms</Extensions>
    </Filter>
    <Filter Include="Resource Files\Objs">
      <UniqueIdentifier>{e56ac1a5-735d-4085-bf64-aa6267387804}</UniqueIdentifier>
    </Filter>
    <Filter Include="Shader">
      <UniqueIdentifier>{22eb94ab-b2fd-4d3c-8599-76662f3b9833}</UniqueIdentifier>
    </Filter>
    <Filter Include="Shader\Defer">
      <UniqueIdentifier>{5880f149-f67d-4e06-9ce6-2400180f136a}</UniqueIdentifier>
    </Filter>
    <Filter Include="Shader\Shadow">
      <UniqueIdentifier>{796876b1-dbef-4b5a-8a9a-4842fa2b80ae}</UniqueIdentifier>
    </Filter>
    <Filter Include="Shader\IBL">
      <UniqueIdentifier>{f0695557-d7c1-434d-a83c-3aa0ae6c8c0d}</UniqueIdentifier>
    </Filter>
    <Filter Include="Shader\VisBuffer">
      <UniqueIdentifier>{68a8aae7-fb9a-4ba5-a1a0-744fcb10601c}</UniqueIdentifier>
    </Filter>
  </ItemGroup>
  <ItemGroup>
    <Text Include="ReadMe.txt" />
  </ItemGroup>
  <ItemGroup>
    <ClInclude Include="ShaderProgram.hpp">
      <Filter>Header Files</Filter>
    </ClInclude>
    <ClInclude Include="Mesh.hpp">
      <Filter>Header Files</Filter>
    </ClInclude>
    <ClInclude Include="Engine.hpp">
      <Filter>Header Files</Filter>
    </ClInclude>
    <ClInclude Include="Scene.hpp">
      <Filter>Header Files</Filter>
    </ClInclude>
    <ClInclude Include="Path.h">
      <Filter>Header Files</Filter>
    </ClInclude>
    <ClInclude Include="model_ply.h">
      <Filter>Header Files</Filter>
    </ClInclude>
    <ClInclude Include="Texture.hpp">
      <Filter>Source Files</Filter>
    </ClInclude>
    <ClInclude Include="FBO.hpp">
      <Filter>Source Files</Filter>
    </ClInclude>
    <ClInclude Include="Pass.hpp">
      <Filter>Header Files</Filter>
    </ClInclude>
    <ClInclude Include="rgbe.h">
      <Filter>Header Files</Filter>
    </ClInclude>
    <ClInclude Include="gl.h">
      <Filter>Header Files</Filter>
    </ClInclude>
  </ItemGroup>
  <ItemGroup>
    <ClCompile Include="ShaderProgram.cpp">
      <Filter>Source Files</Filter>
    </ClCompile>
    <ClCompile Include="Mesh.cpp">
      <Filter>Source Files</Filter>
    </ClCompile>
    <ClCompile Include="Engine.cpp">
      <Filter>Source Files</Filter>
    </ClCompile>
    <ClCompile Include="Scene.cpp">
      <Filter>Source Files</Filter>
    </ClCompile>
    <ClCompile Include="Texture.cpp">
      <Filter>Source Files</Filter>
    </ClCompile>
    <ClCompile Include="Pass.cpp">
      <Filter>Source Files</Filter>
    </ClCompile>
    <ClCompile Include="FBO.cpp">
      <Filter>Source Files</Filter>
    </ClCompile>
    <ClCompile Include="main_basiclighting.cpp">
      <Filter>Source Files</Filter>
    </ClCompile>
    <ClCompile Include="main_deferredShading.cpp">
      <Filter>Source Files</Filter>
    </ClCompile>
    <ClCompile Include="main_ExpShadowMap.cpp">
      <Filter>Source Files</Filter>
    </ClCompile>
    <ClCompile Include="main_AdvancedLighting.cpp">
      <Filter>Source Files</Filter>
    </ClCompile>
    <ClCompile Include="rgbe.cpp">
      <Filter>Source Files</Filter>
    </ClCompile>
    <ClCompile Include="main_visBuffer.cpp">
      <Filter>Source Files</Filter>
    </ClCompile>
  </ItemGroup>
  <ItemGroup>
    <None Include="Model\bunny.ply">
      <Filter>Resource Files\Objs</Filter>
    </None>
    <None Include="Model\dragon.ply">
      <Filter>Resource Files\Objs</Filter>
    </None>
    <None Include="Model\bunny_export.ply">
      <Filter>Resource Files\Objs</Filter>
    </None>
    <None Include="Model\cube1.ply">
      <Filter>Resource Files\Objs</Filter>
    </None>
    <None Include="Model\cube2.ply">
      <Filter>Resource Files\Objs</Filter>
    </None>
    <None Include="Shader\DeferredShading\shadowRender.vert">
      <Filter>Shader\Defer</Filter>
    </None>
    <None Include="Shader\DeferredShading\shadowRender.frag">
      <Filter>Shader\Defer</Filter>
    </None>
    <None Include="Shader\DeferredShading\shadow.vert">
      <Filter>Shader\Defer</Filter>
    </None>
    <None Include="Shader\DeferredShading\shadow.frag">
      <Filter>Shader\Defer</Filter>
    </None>
    <None Include="Shader\DeferredShading\deferredBRDF.vert">
      <Filter>Shader\Defer</Filter>
    </None>
    <None Include="Shader\DeferredShading\deferredBRDF.frag">
      <Filter>Shader\Defer</Filter>
    </None>
    <None Include="Shader\DeferredShading\defergbuffer.vert">
      <Filter>Shader\Defer</Filter>
    </None>
    <None Include="Shader\DeferredShading\defergbuffer.frag">
      <Filter>Shader\Defer</Filter>
    </None>
    <None Include="Shader\DeferredShading\deferAmbientLight.vert">
      <Filter>Shader\Defer</Filter>
    </None>
    <None Include="Shader\DeferredShading\deferAmbientLight.frag">
      <Filter>Shader\Defer</Filter>
    </None>
    <None Include="Shader\ImageBasedLighting\gaussianBlurVertical.comp">
      <Filter>Shader\IBL</Filter>
    </None>
    <None Include="Shader\ImageBasedLighting\gaussianBlurHorizontal.comp">
      <Filter>Shader\IBL</Filter>
    </None>
    <None Include="Shader\ImageBasedLighting\expShadowRender.vert">
      <Filter>Shader\IBL</Filter>
    </None>
    <None Include="Shader\ImageBasedLighting\expShadowRender.frag">
      <Filter>Shader\IBL</Filter>
    </None>
    <None Include="Shader\ImageBasedLighting\expShadow.vert">
      <Filter>Shader\IBL</Filter>
    </None>
    <None Include="Shader\ImageBasedLighting\expShadow.frag">
      <Filter>Shader\IBL</Filter>
    </None>
    <None Include="Shader\ImageBasedLighting\deferIBL.vert">
      <Filter>Shader\IBL</Filter>
    </None>
    <None Include="Shader\ImageBasedLighting\deferIBL.frag">
      <Filter>Shader\IBL</Filter>
    </None>
    <None Include="Shader\ImageBasedLighting\defergbufferDome.vert">
      <Filter>Shader\IBL</Filter>
    </None>
    <None Include="Shader\ImageBasedLighting\defergbufferDome.frag">
      <Filter>Shader\IBL</Filter>
    </None>
    <None Include="Shader\ImageBasedLighting\deferAmbientLight.vert">
      <Filter>Shader\IBL</Filter>
    </None>
    <None Include="Shader\ImageBasedLighting\deferAmbientLight.frag">
      <Filter>Shader\IBL</Filter>
    </None>
    <None Include="Shader\ExponentialShadowMap\gaussianBlurVertical.comp">
      <Filter>Shader\Shadow</Filter>
    </None>
    <None Include="Shader\ExponentialShadowMap\gaussianBlurHorizontal.comp">
      <Filter>Shader\Shadow</Filter>
    </None>
    <None Include="Shader\ExponentialShadowMap\expShadowRender.vert">
      <Filter>Shader\Shadow</Filter>
    </None>
    <None Include="Shader\ExponentialShadowMap\expShadowRender.frag">
      <Filter>Shader\Shadow</Filter>
    </None>
    <None Include="Shader\ExponentialShadowMap\expShadow.vert">
      <Filter>Shader\Shadow</Filter>
    </None>
    <None Include="Shader\ExponentialShadowMap\expShadow.frag">
      <Filter>Shader\Shadow</Filter>
    </None>
    <None Include="Shader\ExponentialShadowMap\deferredBRDF.vert">
      <Filter>Shader\Shadow</Filter>
    </None>
    <None Include="Shader\ExponentialShadowMap\deferredBRDF.frag">
      <Filter>Shader\Shadow</Filter>
    </None>
    <None Include="Shader\ExponentialShadowMap\defergbuffer.vert">
      <Filter>Shader\Shadow</Filter>
    </None>
    <None Include="Shader\ExponentialShadowMap\defergbuffer.frag">
      <Filter>Shader\Shadow</Filter>
    </None>
    <None Include="Shader\ExponentialShadowMap\deferAmbientLight.vert">
      <Filter>Shader\Shadow</Filter>
    </None>
    <None Include="Shader\ExponentialShadowMap\deferAmbientLight.frag">
      <Filter>Shader\Shadow</Filter>
    </None>
    <None Include="Shader\VisibilityBuffer\shadowRender.vert">
      <Filter>Shader\VisBuffer</Filter>
    </None>
    <None Include="Shader\VisibilityBuffer\shadowRender.frag">
      <Filter>Shader\VisBuffer</Filter>
    </None>
    <None Include="Shader\VisibilityBuffer\shadow.vert">
      <Filter>Shader\VisBuffer</Filter>
    </None>
    <None Include="Shader\VisibilityBuffer\shadow.frag">
      <Filter>Shader\VisBuffer</Filter>
    </None>
    <None Include="Shader\VisibilityBuffer\deferredBRDF.vert">
      <Filter>Shader\VisBuffer</Filter>
    </None>
    <None Include="Shader\VisibilityBuffer\deferredBRDF.frag">
      <Filter>Shader\VisBuffer</Filter>
    </None>
    <None Include="Shader\VisibilityBuffer\defergbuffer.vert">
      <Filter>Shader\VisBuffer</Filter>
    </None>
    <None Include="Shader\VisibilityBuffer\defergbuffer.frag">
      <Filter>Shader\VisBuffer</Filter>
    </None>
    <None Include="Shader\VisibilityBuffer\deferAmbientLight.vert">
      <Filter>Shader\VisBuffer</Filter>
    </None>
    <None Include="Shader\VisibilityBuffer\deferAmbientLight.frag">
      <Filter>Shader\VisBuffer</Filter>
    </None>
  </ItemGroup>
</Project>